{
  "nodes": {
    "catppuccin": {
      "inputs": {
        "nixpkgs": "nixpkgs"
      },
      "locked": {
        "lastModified": 1782648384,
        "narHash": "sha256-OlHdAqdXasZk1U+Zf9n+ivqHL9kj/UD0DFO4yYTNBYc=",
        "owner": "catppuccin",
        "repo": "nix",
        "rev": "f2c7dd14ecce785c206a39466cbe227ff62e3803",
        "type": "github"
      },
      "original": {
        "owner": "catppuccin",
        "repo": "nix",
        "type": "github"
      }
    },
    "home-manager": {
      "inputs": {
        "nixpkgs": [
          "nixpkgs"
        ]
      },
      "locked": {
        "lastModified": 1782881387,
        "narHash": "sha256-HvlS1KDGXDjd1bNzzPvH1mkDJATlDAfVYfTh//wJBEA=",
        "owner": "nix-community",
        "repo": "home-manager",
        "rev": "d32537981c036473cf6990ae03176a5d84c43b29",
        "type": "github"
      },
      "original": {
        "owner": "nix-community",
        "repo": "home-manager",
        "type": "github"
      }
    },
    "nebelung": {
      "inputs": {
        "catppuccin": [
          "catppuccin"
        ],
        "nixpkgs": [
          "nixpkgs"
        ]
      },
      "locked": {
        "lastModified": 1784457963,
        "narHash": "sha256-FOZ4jQJrL5MFUz450CO93hWFFxk+3QzbJv4Jrj6LUtY=",
        "owner": "nebelhaus",
        "repo": "nebelung",
        "rev": "cdbacfd8c48c5f8fd1e712b6e241c6c38485c0a5",
        "type": "github"
      },
      "original": {
        "owner": "nebelhaus",
        "repo": "nebelung",
        "type": "github"
      }
    },
    "nix-darwin": {
      "inputs": {
        "nixpkgs": [
          "nixpkgs"
        ]
      },
      "locked": {
        "lastModified": 1781761792,
        "narHash": "sha256-rCPytmKNjctLloB6UgK5CRrHSwV4b0ygxtJLPPp8R14=",
        "owner": "LnL7",
        "repo": "nix-darwin",
        "rev": "a1fa429e945becaf60468600daf649be4ba0350c",
        "type": "github"
      },
      "original": {
        "owner": "LnL7",
        "ref": "master",
        "repo": "nix-darwin",
        "type": "github"
      }
    },
    "nix-index-database": {
      "inputs": {
        "nixpkgs": [
          "nixpkgs"
        ]
      },
      "locked": {
        "lastModified": 1782636943,
        "narHash": "sha256-ripjZa7BBLwL1uS5VJF3s/VpZpWt5ZIQEvkJ/FJNpQw=",
        "owner": "nix-community",
        "repo": "nix-index-database",
        "rev": "058b1f9381fa79fcda49982370a750ff92dbba43",
        "type": "github"
      },
      "original": {
        "owner": "nix-community",
        "repo": "nix-index-database",
        "type": "github"
      }
    },
    "nixpkgs": {
      "locked": {
        "lastModified": 1782175435,
        "narHash": "sha256-8d2wCNWKnd86GzKZvbuqqlS+HqMrheXkvRf0qGJ/oA0=",
        "rev": "89570f24e97e614aa34aa9ab1c927b6578a43775",
        "type": "tarball",
        "url": "https://releases.nixos.org/nixpkgs/nixpkgs-26.11pre1020805.89570f24e97e/nixexprs.tar.xz"
      },
      "original": {
        "type": "tarball",
        "url": "https://channels.nixos.org/nixpkgs-unstable/nixexprs.tar.xz"
      }
    },
    "nixpkgs_2": {
      "locked": {
        "lastModified": 1782821651,
        "narHash": "sha256-D5jO0ME1lA9bDHnd5kVawBwItG/N4oZr3FlXmMzLec8=",
        "owner": "NixOS",
        "repo": "nixpkgs",
        "rev": "e52c192be9d7b2c4bd4aed326c8731b35f8bb75c",
        "type": "github"
      },
      "original": {
        "owner": "NixOS",
        "ref": "nixpkgs-unstable",
        "repo": "nixpkgs",
        "type": "github"
      }
    },
    "pounce": {
      "inputs": {
        "nebelung": [
          "nebelung"
        ],
        "nixpkgs": [
          "nixpkgs"
        ]
      },
      "locked": {
        "lastModified": 1784778674,
        "narHash": "sha256-G7QV4BtKaNAYs6vPHK5dVXRtJ+ggPcroOlRsGkQNmXU=",
        "owner": "nebelhaus",
        "repo": "pounce",
        "rev": "bc77d327f1e804c66bbab8bdedf7706a31880a4c",
        "type": "github"
      },
      "original": {
        "owner": "nebelhaus",
        "repo": "pounce",
        "type": "github"
      }
    },
    "root": {
      "inputs": {
        "catppuccin": "catppuccin",
        "home-manager": "home-manager",
        "nebelung": "nebelung",
        "nix-darwin": "nix-darwin",
        "nix-index-database": "nix-index-database",
        "nixpkgs": "nixpkgs_2",
        "pounce": "pounce"
      }
    }
  },
  "root": "root",
  "version": 7
}
